# This file is autogenerated, do not edit; changes may be undone by the next 'dep ensure'.


[[projects]]
  name = "github.com/goboilerplates/core"
  packages = ["."]
  revision = "3fc72484567fc30f9f823bce5143aaccbaf6670e"
  version = "0.0.0"

[solve-meta]
  analyzer-name = "dep"
  analyzer-version = 1
  inputs-digest = "309dab1a219e041c83b8f1b7eb538e225aaeea2919ecce93a2ccf93f878d1262"
  solver-name = "gps-cdcl"
  solver-version = 1
